
Microsoft Visual Studio Solution File, Format Version 12.00
# Visual Studio Version 17
VisualStudioVersion = 17.3.32929.385
MinimumVisualStudioVersion = 10.0.40219.1
Project("{FAE04EC0-301F-11D3-BF4B-00C04F79EFBC}") = "WpfKb", "WpfKb\WpfKb.csproj", "{1CFEE3EC-5983-4D6F-8549-D529312BDC0B}"
EndProject
Project("{9A19103F-16F7-4668-BE54-9A1E7A4F7556}") = "WpfKb.TestClient", "WpfKb.TestClient\WpfKb.TestClient.csproj", "{3E6262D8-676E-41D0-A919-80087E4C230E}"
EndProject
Global
	GlobalSection(SolutionConfigurationPlatforms) = preSolution
		Debug|Any CPU = Debug|Any CPU
		Release|Any CPU = Release|Any CPU
	EndGlobalSection
	GlobalSection(ProjectConfigurationPlatforms) = postSolution
		{3E6262D8-676E-41D0-A919-80087E4C230E}.Debug|Any CPU.ActiveCfg = Debug|Any CPU
		{3E6262D8-676E-41D0-A919-80087E4C230E}.Debug|Any CPU.Build.0 = Debug|Any CPU
		{3E6262D8-676E-41D0-A919-80087E4C230E}.Release|Any CPU.ActiveCfg = Release|Any CPU
		{3E6262D8-676E-41D0-A919-80087E4C230E}.Release|Any CPU.Build.0 = Release|Any CPU
		{1CFEE3EC-5983-4D6F-8549-D529312BDC0B}.Debug|Any CPU.ActiveCfg = Debug|Any CPU
		{1CFEE3EC-5983-4D6F-8549-D529312BDC0B}.Debug|Any CPU.Build.0 = Debug|Any CPU
		{1CFEE3EC-5983-4D6F-8549-D529312BDC0B}.Release|Any CPU.ActiveCfg = Release|Any CPU
		{1CFEE3EC-5983-4D6F-8549-D529312BDC0B}.Release|Any CPU.Build.0 = Release|Any CPU
	EndGlobalSection
	GlobalSection(SolutionProperties) = preSolution
		HideSolutionNode = FALSE
	EndGlobalSection
	GlobalSection(ExtensibilityGlobals) = postSolution
		SolutionGuid = {97C7737C-9245-47BF-8C1C-70197F61736F}
	EndGlobalSection
EndGlobal
